{
  "version": "5",
  "specifiers": {
    "jsr:@hono/hono@4.12.31": "4.12.31",
    "npm:postgres@3.4.9": "3.4.9",
    "npm:sqids@0.3.0": "0.3.0"
  },
  "jsr": {
    "@hono/hono@4.12.31": {
      "integrity": "6a31d6811a4e217ab7c59655e68f881372c39e191ace73e4aeed02fc1227185d"
    }
  },
  "npm": {
    "postgres@3.4.9": {
      "integrity": "sha512-GD3qdB0x1z9xgFI6cdRD6xu2Sp2WCOEoe3mtnyB5Ee0XrrL5Pe+e4CCnJrRMnL1zYtRDZmQQVbvOttLnKDLnaw=="
    },
    "sqids@0.3.0": {
      "integrity": "sha512-lOQK1ucVg+W6n3FhRwwSeUijxe93b51Bfz5PMRMihVf1iVkl82ePQG7V5vwrhzB11v0NtsR25PSZRGiSomJaJw=="
    }
  },
  "workspace": {
    "dependencies": [
      "jsr:@hono/hono@4.12.31",
      "npm:@opentelemetry/api@1.9.1",
      "npm:postgres@3.4.9",
      "npm:sqids@0.3.0"
    ]
  }
}
