{
  "version": "5",
  "specifiers": {
    "npm:commander@14.0.0": "14.0.0"
  },
  "npm": {
    "commander@14.0.0": {
      "integrity": "sha512-2uM9rYjPvyq39NwLRqaiLtWHyDC1FvryJDa2ATTVims5YAS4PupsEQsDvP14FqhFr0P49CYDugi59xaxJlTXRA=="
    }
  },
  "workspace": {
    "dependencies": [
      "jsr:@std/expect@1",
      "jsr:@std/testing@1",
      "npm:commander@14.0.0"
    ]
  }
}
